PODS:
  - Capacitor (7.1.0):
    - CapacitorCordova
  - CapacitorCordova (7.1.0)
  - CapacitorPrint (0.0.2):
    - Capacitor
  - CordovaPlugins (7.1.0):
    - CapacitorCordova

DEPENDENCIES:
  - "Capacitor (from `../../node_modules/@capacitor/ios`)"
  - "CapacitorCordova (from `../../node_modules/@capacitor/ios`)"
  - CapacitorPrint (from `../../node_modules/capacitor-print`)
  - CordovaPlugins (from `../capacitor-cordova-ios-plugins`)

EXTERNAL SOURCES:
  Capacitor:
    :path: "../../node_modules/@capacitor/ios"
  CapacitorCordova:
    :path: "../../node_modules/@capacitor/ios"
  CapacitorPrint:
    :path: "../../node_modules/capacitor-print"
  CordovaPlugins:
    :path: "../capacitor-cordova-ios-plugins"

SPEC CHECKSUMS:
  Capacitor: bceb785fb78f5e81e4a9e37843bc1c24bd9c7194
  CapacitorCordova: 866217f32c1d25b326c568a10ea3ed0c36b13e29
  CapacitorPrint: 433e13438537fc165fd3d536bfe625348d9bfe20
  CordovaPlugins: 3fc2a0571b2c7f76e68c730a2f182340854a4804

PODFILE CHECKSUM: a01e438e9cd634b4a7454ff899429f2539a2963a

COCOAPODS: 1.16.2
